
Microsoft Visual Studio Solution File, Format Version 12.00
# Visual Studio Version 17
VisualStudioVersion = 17.3.32922.545
MinimumVisualStudioVersion = 10.0.40219.1
Project("{FAE04EC0-301F-11D3-BF4B-00C04F79EFBC}") = "BF", "BF\BF.csproj", "{EA02396A-A544-407E-B437-6CC32C70538C}"
EndProject
Global
	GlobalSection(SolutionConfigurationPlatforms) = preSolution
		Debug|Any CPU = Debug|Any CPU
		Release|Any CPU = Release|Any CPU
	EndGlobalSection
	GlobalSection(ProjectConfigurationPlatforms) = postSolution
		{EA02396A-A544-407E-B437-6CC32C70538C}.Debug|Any CPU.ActiveCfg = Debug|Any CPU
		{EA02396A-A544-407E-B437-6CC32C70538C}.Debug|Any CPU.Build.0 = Debug|Any CPU
		{EA02396A-A544-407E-B437-6CC32C70538C}.Release|Any CPU.ActiveCfg = Release|Any CPU
		{EA02396A-A544-407E-B437-6CC32C70538C}.Release|Any CPU.Build.0 = Release|Any CPU
	EndGlobalSection
	GlobalSection(SolutionProperties) = preSolution
		HideSolutionNode = FALSE
	EndGlobalSection
	GlobalSection(ExtensibilityGlobals) = postSolution
		SolutionGuid = {B4D45508-B30E-4763-94EC-2680523F9002}
	EndGlobalSection
EndGlobal
